PODS:
  - Alamofire (3.4.1)
  - PageMenu (1.2.9)
  - SwiftyJSON (2.3.2)
  - TOWebViewController (2.2.6):
    - TOWebViewController/Core (= 2.2.6)
  - TOWebViewController/Core (2.2.6)

DEPENDENCIES:
  - Alamofire
  - PageMenu
  - SwiftyJSON
  - TOWebViewController

SPEC CHECKSUMS:
  Alamofire: 01a82e2f6c0f860ade35534c8dd88be61bdef40c
  PageMenu: ba19ff267f7a19e444e93c20a7847b78954a7011
  SwiftyJSON: 04ccea08915aa0109039157c7974cf0298da292a
  TOWebViewController: a29908019f7e0e0f8eccfab8a1ee8dcdf4fc5aac

PODFILE CHECKSUM: 98b4c6d315566af7ce23877ea3f3aed5627d9b77

COCOAPODS: 1.0.1
