PODS:
  - Alamofire (3.4.1)
  - PageMenu (1.2.9)
  - SwiftyJSON (2.3.2)

DEPENDENCIES:
  - Alamofire
  - PageMenu
  - SwiftyJSON

SPEC CHECKSUMS:
  Alamofire: 01a82e2f6c0f860ade35534c8dd88be61bdef40c
  PageMenu: ba19ff267f7a19e444e93c20a7847b78954a7011
  SwiftyJSON: 04ccea08915aa0109039157c7974cf0298da292a

PODFILE CHECKSUM: 79f0b018c30f444f776c1c01d465e3648e9e5f39

COCOAPODS: 1.0.1
