// !$*UTF8*$!
{
	archiveVersion = 1;
	classes = {
	};
	objectVersion = 46;
	objects = {

/* Begin PBXBuildFile section */
		BA8C96931D51B6E900F34E2C /* AppDelegate.swift in Sources */ = {isa = PBXBuildFile; fileRef = BA8C96921D51B6E900F34E2C /* AppDelegate.swift */; };
		BA8C96951D51B6E900F34E2C /* ViewController.swift in Sources */ = {isa = PBXBuildFile; fileRef = BA8C96941D51B6E900F34E2C /* ViewController.swift */; };
		BA8C96981D51B6E900F34E2C /* Main.storyboard in Resources */ = {isa = PBXBuildFile; fileRef = BA8C96961D51B6E900F34E2C /* Main.storyboard */; };
		BA8C969B1D51B6E900F34E2C /* RssReader.xcdatamodeld in Sources */ = {isa = PBXBuildFile; fileRef = BA8C96991D51B6E900F34E2C /* RssReader.xcdatamodeld */; };
		BA8C969D1D51B6E900F34E2C /* Assets.xcassets in Resources */ = {isa = PBXBuildFile; fileRef = BA8C969C1D51B6E900F34E2C /* Assets.xcassets */; };
		BA8C96A01D51B6E900F34E2C /* LaunchScreen.storyboard in Resources */ = {isa = PBXBuildFile; fileRef = BA8C969E1D51B6E900F34E2C /* LaunchScreen.storyboard */; };
		BA8C96AB1D51B6E900F34E2C /* RssReaderTests.swift in Sources */ = {isa = PBXBuildFile; fileRef = BA8C96AA1D51B6E900F34E2C /* RssReaderTests.swift */; };
		BA8C96B61D51B6E900F34E2C /* RssReaderUITests.swift in Sources */ = {isa = PBXBuildFile; fileRef = BA8C96B51D51B6E900F34E2C /* RssReaderUITests.swift */; };
/* End PBXBuildFile section */

/* Begin PBXContainerItemProxy section */
		BA8C96A71D51B6E900F34E2C /* PBXContainerItemProxy */ = {
			isa = PBXContainerItemProxy;
			containerPortal = BA8C96871D51B6E900F34E2C /* Project object */;
			proxyType = 1;
			remoteGlobalIDString = BA8C968E1D51B6E900F34E2C;
			remoteInfo = RssReader;
		};
		BA8C96B21D51B6E900F34E2C /* PBXContainerItemProxy */ = {
			isa = PBXContainerItemProxy;
			containerPortal = BA8C96871D51B6E900F34E2C /* Project object */;
			proxyType = 1;
			remoteGlobalIDString = BA8C968E1D51B6E900F34E2C;
			remoteInfo = RssReader;
		};
/* End PBXContainerItemProxy section */

/* Begin PBXFileReference section */
		BA8C968F1D51B6E900F34E2C /* RssReader.app */ = {isa = PBXFileReference; explicitFileType = wrapper.application; includeInIndex = 0; path = RssReader.app; sourceTree = BUILT_PRODUCTS_DIR; };
		BA8C96921D51B6E900F34E2C /* AppDelegate.swift */ = {isa = PBXFileReference; lastKnownFileType = sourcecode.swift; path = AppDelegate.swift; sourceTree = "<group>"; };
		BA8C96941D51B6E900F34E2C /* ViewController.swift */ = {isa = PBXFileReference; lastKnownFileType = sourcecode.swift; path = ViewController.swift; sourceTree = "<group>"; };
		BA8C96971D51B6E900F34E2C /* Base */ = {isa = PBXFileReference; lastKnownFileType = file.storyboard; name = Base; path = Base.lproj/Main.storyboard; sourceTree = "<group>"; };
		BA8C969A1D51B6E900F34E2C /* RssReader.xcdatamodel */ = {isa = PBXFileReference; lastKnownFileType = wrapper.xcdatamodel; path = RssReader.xcdatamodel; sourceTree = "<group>"; };
		BA8C969C1D51B6E900F34E2C /* Assets.xcassets */ = {isa = PBXFileReference; lastKnownFileType = folder.assetcatalog; path = Assets.xcassets; sourceTree = "<group>"; };
		BA8C969F1D51B6E900F34E2C /* Base */ = {isa = PBXFileReference; lastKnownFileType = file.storyboard; name = Base; path = Base.lproj/LaunchScreen.storyboard; sourceTree = "<group>"; };
		BA8C96A11D51B6E900F34E2C /* Info.plist */ = {isa = PBXFileReference; lastKnownFileType = text.plist.xml; path = Info.plist; sourceTree = "<group>"; };
		BA8C96A61D51B6E900F34E2C /* RssReaderTests.xctest */ = {isa = PBXFileReference; explicitFileType = wrapper.cfbundle; includeInIndex = 0; path = RssReaderTests.xctest; sourceTree = BUILT_PRODUCTS_DIR; };
		BA8C96AA1D51B6E900F34E2C /* RssReaderTests.swift */ = {isa = PBXFileReference; lastKnownFileType = sourcecode.swift; path = RssReaderTests.swift; sourceTree = "<group>"; };
		BA8C96AC1D51B6E900F34E2C /* Info.plist */ = {isa = PBXFileReference; lastKnownFileType = text.plist.xml; path = Info.plist; sourceTree = "<group>"; };
		BA8C96B11D51B6E900F34E2C /* RssReaderUITests.xctest */ = {isa = PBXFileReference; explicitFileType = wrapper.cfbundle; includeInIndex = 0; path = RssReaderUITests.xctest; sourceTree = BUILT_PRODUCTS_DIR; };
		BA8C96B51D51B6E900F34E2C /* RssReaderUITests.swift */ = {isa = PBXFileReference; lastKnownFileType = sourcecode.swift; path = RssReaderUITests.swift; sourceTree = "<group>"; };
		BA8C96B71D51B6E900F34E2C /* Info.plist */ = {isa = PBXFileReference; lastKnownFileType = text.plist.xml; path = Info.plist; sourceTree = "<group>"; };
/* End PBXFileReference section */

/* Begin PBXFrameworksBuildPhase section */
		BA8C968C1D51B6E900F34E2C /* Frameworks */ = {
			isa = PBXFrameworksBuildPhase;
			buildActionMask = 2147483647;
			files = (
			);
			runOnlyForDeploymentPostprocessing = 0;
		};
		BA8C96A31D51B6E900F34E2C /* Frameworks */ = {
			isa = PBXFrameworksBuildPhase;
			buildActionMask = 2147483647;
			files = (
			);
			runOnlyForDeploymentPostprocessing = 0;
		};
		BA8C96AE1D51B6E900F34E2C /* Frameworks */ = {
			isa = PBXFrameworksBuildPhase;
			buildActionMask = 2147483647;
			files = (
			);
			runOnlyForDeploymentPostprocessing = 0;
		};
/* End PBXFrameworksBuildPhase section */

/* Begin PBXGroup section */
		BA8C96861D51B6E900F34E2C = {
			isa = PBXGroup;
			children = (
				BA8C96911D51B6E900F34E2C /* RssReader */,
				BA8C96A91D51B6E900F34E2C /* RssReaderTests */,
				BA8C96B41D51B6E900F34E2C /* RssReaderUITests */,
				BA8C96901D51B6E900F34E2C /* Products */,
			);
			sourceTree = "<group>";
		};
		BA8C96901D51B6E900F34E2C /* Products */ = {
			isa = PBXGroup;
			children = (
				BA8C968F1D51B6E900F34E2C /* RssReader.app */,
				BA8C96A61D51B6E900F34E2C /* RssReaderTests.xctest */,
				BA8C96B11D51B6E900F34E2C /* RssReaderUITests.xctest */,
			);
			name = Products;
			sourceTree = "<group>";
		};
		BA8C96911D51B6E900F34E2C /* RssReader */ = {
			isa = PBXGroup;
			children = (
				BA8C96921D51B6E900F34E2C /* AppDelegate.swift */,
				BA8C96941D51B6E900F34E2C /* ViewController.swift */,
				BA8C96961D51B6E900F34E2C /* Main.storyboard */,
				BA8C969C1D51B6E900F34E2C /* Assets.xcassets */,
				BA8C969E1D51B6E900F34E2C /* LaunchScreen.storyboard */,
				BA8C96A11D51B6E900F34E2C /* Info.plist */,
				BA8C96991D51B6E900F34E2C /* RssReader.xcdatamodeld */,
			);
			path = RssReader;
			sourceTree = "<group>";
		};
		BA8C96A91D51B6E900F34E2C /* RssReaderTests */ = {
			isa = PBXGroup;
			children = (
				BA8C96AA1D51B6E900F34E2C /* RssReaderTests.swift */,
				BA8C96AC1D51B6E900F34E2C /* Info.plist */,
			);
			path = RssReaderTests;
			sourceTree = "<group>";
		};
		BA8C96B41D51B6E900F34E2C /* RssReaderUITests */ = {
			isa = PBXGroup;
			children = (
				BA8C96B51D51B6E900F34E2C /* RssReaderUITests.swift */,
				BA8C96B71D51B6E900F34E2C /* Info.plist */,
			);
			path = RssReaderUITests;
			sourceTree = "<group>";
		};
/* End PBXGroup section */

/* Begin PBXNativeTarget section */
		BA8C968E1D51B6E900F34E2C /* RssReader */ = {
			isa = PBXNativeTarget;
			buildConfigurationList = BA8C96BA1D51B6E900F34E2C /* Build configuration list for PBXNativeTarget "RssReader" */;
			buildPhases = (
				BA8C968B1D51B6E900F34E2C /* Sources */,
				BA8C968C1D51B6E900F34E2C /* Frameworks */,
				BA8C968D1D51B6E900F34E2C /* Resources */,
			);
			buildRules = (
			);
			dependencies = (
			);
			name = RssReader;
			productName = RssReader;
			productReference = BA8C968F1D51B6E900F34E2C /* RssReader.app */;
			productType = "com.apple.product-type.application";
		};
		BA8C96A51D51B6E900F34E2C /* RssReaderTests */ = {
			isa = PBXNativeTarget;
			buildConfigurationList = BA8C96BD1D51B6E900F34E2C /* Build configuration list for PBXNativeTarget "RssReaderTests" */;
			buildPhases = (
				BA8C96A21D51B6E900F34E2C /* Sources */,
				BA8C96A31D51B6E900F34E2C /* Frameworks */,
				BA8C96A41D51B6E900F34E2C /* Resources */,
			);
			buildRules = (
			);
			dependencies = (
				BA8C96A81D51B6E900F34E2C /* PBXTargetDependency */,
			);
			name = RssReaderTests;
			productName = RssReaderTests;
			productReference = BA8C96A61D51B6E900F34E2C /* RssReaderTests.xctest */;
			productType = "com.apple.product-type.bundle.unit-test";
		};
		BA8C96B01D51B6E900F34E2C /* RssReaderUITests */ = {
			isa = PBXNativeTarget;
			buildConfigurationList = BA8C96C01D51B6E900F34E2C /* Build configuration list for PBXNativeTarget "RssReaderUITests" */;
			buildPhases = (
				BA8C96AD1D51B6E900F34E2C /* Sources */,
				BA8C96AE1D51B6E900F34E2C /* Frameworks */,
				BA8C96AF1D51B6E900F34E2C /* Resources */,
			);
			buildRules = (
			);
			dependencies = (
				BA8C96B31D51B6E900F34E2C /* PBXTargetDependency */,
			);
			name = RssReaderUITests;
			productName = RssReaderUITests;
			productReference = BA8C96B11D51B6E900F34E2C /* RssReaderUITests.xctest */;
			productType = "com.apple.product-type.bundle.ui-testing";
		};
/* End PBXNativeTarget section */

/* Begin PBXProject section */
		BA8C96871D51B6E900F34E2C /* Project object */ = {
			isa = PBXProject;
			attributes = {
				LastSwiftUpdateCheck = 0730;
				LastUpgradeCheck = 0730;
				ORGANIZATIONNAME = "takuya shiratake";
				TargetAttributes = {
					BA8C968E1D51B6E900F34E2C = {
						CreatedOnToolsVersion = 7.3.1;
					};
					BA8C96A51D51B6E900F34E2C = {
						CreatedOnToolsVersion = 7.3.1;
						TestTargetID = BA8C968E1D51B6E900F34E2C;
					};
					BA8C96B01D51B6E900F34E2C = {
						CreatedOnToolsVersion = 7.3.1;
						TestTargetID = BA8C968E1D51B6E900F34E2C;
					};
				};
			};
			buildConfigurationList = BA8C968A1D51B6E900F34E2C /* Build configuration list for PBXProject "RssReader" */;
			compatibilityVersion = "Xcode 3.2";
			developmentRegion = English;
			hasScannedForEncodings = 0;
			knownRegions = (
				en,
				Base,
			);
			mainGroup = BA8C96861D51B6E900F34E2C;
			productRefGroup = BA8C96901D51B6E900F34E2C /* Products */;
			projectDirPath = "";
			projectRoot = "";
			targets = (
				BA8C968E1D51B6E900F34E2C /* RssReader */,
				BA8C96A51D51B6E900F34E2C /* RssReaderTests */,
				BA8C96B01D51B6E900F34E2C /* RssReaderUITests */,
			);
		};
/* End PBXProject section */

/* Begin PBXResourcesBuildPhase section */
		BA8C968D1D51B6E900F34E2C /* Resources */ = {
			isa = PBXResourcesBuildPhase;
			buildActionMask = 2147483647;
			files = (
				BA8C96A01D51B6E900F34E2C /* LaunchScreen.storyboard in Resources */,
				BA8C969D1D51B6E900F34E2C /* Assets.xcassets in Resources */,
				BA8C96981D51B6E900F34E2C /* Main.storyboard in Resources */,
			);
			runOnlyForDeploymentPostprocessing = 0;
		};
		BA8C96A41D51B6E900F34E2C /* Resources */ = {
			isa = PBXResourcesBuildPhase;
			buildActionMask = 2147483647;
			files = (
			);
			runOnlyForDeploymentPostprocessing = 0;
		};
		BA8C96AF1D51B6E900F34E2C /* Resources */ = {
			isa = PBXResourcesBuildPhase;
			buildActionMask = 2147483647;
			files = (
			);
			runOnlyForDeploymentPostprocessing = 0;
		};
/* End PBXResourcesBuildPhase section */

/* Begin PBXSourcesBuildPhase section */
		BA8C968B1D51B6E900F34E2C /* Sources */ = {
			isa = PBXSourcesBuildPhase;
			buildActionMask = 2147483647;
			files = (
				BA8C96951D51B6E900F34E2C /* ViewController.swift in Sources */,
				BA8C969B1D51B6E900F34E2C /* RssReader.xcdatamodeld in Sources */,
				BA8C96931D51B6E900F34E2C /* AppDelegate.swift in Sources */,
			);
			runOnlyForDeploymentPostprocessing = 0;
		};
		BA8C96A21D51B6E900F34E2C /* Sources */ = {
			isa = PBXSourcesBuildPhase;
			buildActionMask = 2147483647;
			files = (
				BA8C96AB1D51B6E900F34E2C /* RssReaderTests.swift in Sources */,
			);
			runOnlyForDeploymentPostprocessing = 0;
		};
		BA8C96AD1D51B6E900F34E2C /* Sources */ = {
			isa = PBXSourcesBuildPhase;
			buildActionMask = 2147483647;
			files = (
				BA8C96B61D51B6E900F34E2C /* RssReaderUITests.swift in Sources */,
			);
			runOnlyForDeploymentPostprocessing = 0;
		};
/* End PBXSourcesBuildPhase section */

/* Begin PBXTargetDependency section */
		BA8C96A81D51B6E900F34E2C /* PBXTargetDependency */ = {
			isa = PBXTargetDependency;
			target = BA8C968E1D51B6E900F34E2C /* RssReader */;
			targetProxy = BA8C96A71D51B6E900F34E2C /* PBXContainerItemProxy */;
		};
		BA8C96B31D51B6E900F34E2C /* PBXTargetDependency */ = {
			isa = PBXTargetDependency;
			target = BA8C968E1D51B6E900F34E2C /* RssReader */;
			targetProxy = BA8C96B21D51B6E900F34E2C /* PBXContainerItemProxy */;
		};
/* End PBXTargetDependency section */

/* Begin PBXVariantGroup section */
		BA8C96961D51B6E900F34E2C /* Main.storyboard */ = {
			isa = PBXVariantGroup;
			children = (
				BA8C96971D51B6E900F34E2C /* Base */,
			);
			name = Main.storyboard;
			sourceTree = "<group>";
		};
		BA8C969E1D51B6E900F34E2C /* LaunchScreen.storyboard */ = {
			isa = PBXVariantGroup;
			children = (
				BA8C969F1D51B6E900F34E2C /* Base */,
			);
			name = LaunchScreen.storyboard;
			sourceTree = "<group>";
		};
/* End PBXVariantGroup section */

/* Begin XCBuildConfiguration section */
		BA8C96B81D51B6E900F34E2C /* Debug */ = {
			isa = XCBuildConfiguration;
			buildSettings = {
				ALWAYS_SEARCH_USER_PATHS = NO;
				CLANG_ANALYZER_NONNULL = YES;
				CLANG_CXX_LANGUAGE_STANDARD = "gnu++0x";
				CLANG_CXX_LIBRARY = "libc++";
				CLANG_ENABLE_MODULES = YES;
				CLANG_ENABLE_OBJC_ARC = YES;
				CLANG_WARN_BOOL_CONVERSION = YES;
				CLANG_WARN_CONSTANT_CONVERSION = YES;
				CLANG_WARN_DIRECT_OBJC_ISA_USAGE = YES_ERROR;
				CLANG_WARN_EMPTY_BODY = YES;
				CLANG_WARN_ENUM_CONVERSION = YES;
				CLANG_WARN_INT_CONVERSION = YES;
				CLANG_WARN_OBJC_ROOT_CLASS = YES_ERROR;
				CLANG_WARN_UNREACHABLE_CODE = YES;
				CLANG_WARN__DUPLICATE_METHOD_MATCH = YES;
				"CODE_SIGN_IDENTITY[sdk=iphoneos*]" = "iPhone Developer";
				COPY_PHASE_STRIP = NO;
				DEBUG_INFORMATION_FORMAT = dwarf;
				ENABLE_STRICT_OBJC_MSGSEND = YES;
				ENABLE_TESTABILITY = YES;
				GCC_C_LANGUAGE_STANDARD = gnu99;
				GCC_DYNAMIC_NO_PIC = NO;
				GCC_NO_COMMON_BLOCKS = YES;
				GCC_OPTIMIZATION_LEVEL = 0;
				GCC_PREPROCESSOR_DEFINITIONS = (
					"DEBUG=1",
					"$(inherited)",
				);
				GCC_WARN_64_TO_32_BIT_CONVERSION = YES;
				GCC_WARN_ABOUT_RETURN_TYPE = YES_ERROR;
				GCC_WARN_UNDECLARED_SELECTOR = YES;
				GCC_WARN_UNINITIALIZED_AUTOS = YES_AGGRESSIVE;
				GCC_WARN_UNUSED_FUNCTION = YES;
				GCC_WARN_UNUSED_VARIABLE = YES;
				IPHONEOS_DEPLOYMENT_TARGET = 9.3;
				MTL_ENABLE_DEBUG_INFO = YES;
				ONLY_ACTIVE_ARCH = YES;
				SDKROOT = iphoneos;
				SWIFT_OPTIMIZATION_LEVEL = "-Onone";
			};
			name = Debug;
		};
		BA8C96B91D51B6E900F34E2C /* Release */ = {
			isa = XCBuildConfiguration;
			buildSettings = {
				ALWAYS_SEARCH_USER_PATHS = NO;
				CLANG_ANALYZER_NONNULL = YES;
				CLANG_CXX_LANGUAGE_STANDARD = "gnu++0x";
				CLANG_CXX_LIBRARY = "libc++";
				CLANG_ENABLE_MODULES = YES;
				CLANG_ENABLE_OBJC_ARC = YES;
				CLANG_WARN_BOOL_CONVERSION = YES;
				CLANG_WARN_CONSTANT_CONVERSION = YES;
				CLANG_WARN_DIRECT_OBJC_ISA_USAGE = YES_ERROR;
				CLANG_WARN_EMPTY_BODY = YES;
				CLANG_WARN_ENUM_CONVERSION = YES;
				CLANG_WARN_INT_CONVERSION = YES;
				CLANG_WARN_OBJC_ROOT_CLASS = YES_ERROR;
				CLANG_WARN_UNREACHABLE_CODE = YES;
				CLANG_WARN__DUPLICATE_METHOD_MATCH = YES;
				"CODE_SIGN_IDENTITY[sdk=iphoneos*]" = "iPhone Developer";
				COPY_PHASE_STRIP = NO;
				DEBUG_INFORMATION_FORMAT = "dwarf-with-dsym";
				ENABLE_NS_ASSERTIONS = NO;
				ENABLE_STRICT_OBJC_MSGSEND = YES;
				GCC_C_LANGUAGE_STANDARD = gnu99;
				GCC_NO_COMMON_BLOCKS = YES;
				GCC_WARN_64_TO_32_BIT_CONVERSION = YES;
				GCC_WARN_ABOUT_RETURN_TYPE = YES_ERROR;
				GCC_WARN_UNDECLARED_SELECTOR = YES;
				GCC_WARN_UNINITIALIZED_AUTOS = YES_AGGRESSIVE;
				GCC_WARN_UNUSED_FUNCTION = YES;
				GCC_WARN_UNUSED_VARIABLE = YES;
				IPHONEOS_DEPLOYMENT_TARGET = 9.3;
				MTL_ENABLE_DEBUG_INFO = NO;
				SDKROOT = iphoneos;
				VALIDATE_PRODUCT = YES;
			};
			name = Release;
		};
		BA8C96BB1D51B6E900F34E2C /* Debug */ = {
			isa = XCBuildConfiguration;
			buildSettings = {
				ASSETCATALOG_COMPILER_APPICON_NAME = AppIcon;
				INFOPLIST_FILE = RssReader/Info.plist;
				LD_RUNPATH_SEARCH_PATHS = "$(inherited) @executable_path/Frameworks";
				PRODUCT_BUNDLE_IDENTIFIER = abc.RssReader;
				PRODUCT_NAME = "$(TARGET_NAME)";
			};
			name = Debug;
		};
		BA8C96BC1D51B6E900F34E2C /* Release */ = {
			isa = XCBuildConfiguration;
			buildSettings = {
				ASSETCATALOG_COMPILER_APPICON_NAME = AppIcon;
				INFOPLIST_FILE = RssReader/Info.plist;
				LD_RUNPATH_SEARCH_PATHS = "$(inherited) @executable_path/Frameworks";
				PRODUCT_BUNDLE_IDENTIFIER = abc.RssReader;
				PRODUCT_NAME = "$(TARGET_NAME)";
			};
			name = Release;
		};
		BA8C96BE1D51B6E900F34E2C /* Debug */ = {
			isa = XCBuildConfiguration;
			buildSettings = {
				BUNDLE_LOADER = "$(TEST_HOST)";
				INFOPLIST_FILE = RssReaderTests/Info.plist;
				LD_RUNPATH_SEARCH_PATHS = "$(inherited) @executable_path/Frameworks @loader_path/Frameworks";
				PRODUCT_BUNDLE_IDENTIFIER = abc.RssReaderTests;
				PRODUCT_NAME = "$(TARGET_NAME)";
				TEST_HOST = "$(BUILT_PRODUCTS_DIR)/RssReader.app/RssReader";
			};
			name = Debug;
		};
		BA8C96BF1D51B6E900F34E2C /* Release */ = {
			isa = XCBuildConfiguration;
			buildSettings = {
				BUNDLE_LOADER = "$(TEST_HOST)";
				INFOPLIST_FILE = RssReaderTests/Info.plist;
				LD_RUNPATH_SEARCH_PATHS = "$(inherited) @executable_path/Frameworks @loader_path/Frameworks";
				PRODUCT_BUNDLE_IDENTIFIER = abc.RssReaderTests;
				PRODUCT_NAME = "$(TARGET_NAME)";
				TEST_HOST = "$(BUILT_PRODUCTS_DIR)/RssReader.app/RssReader";
			};
			name = Release;
		};
		BA8C96C11D51B6E900F34E2C /* Debug */ = {
			isa = XCBuildConfiguration;
			buildSettings = {
				INFOPLIST_FILE = RssReaderUITests/Info.plist;
				LD_RUNPATH_SEARCH_PATHS = "$(inherited) @executable_path/Frameworks @loader_path/Frameworks";
				PRODUCT_BUNDLE_IDENTIFIER = abc.RssReaderUITests;
				PRODUCT_NAME = "$(TARGET_NAME)";
				TEST_TARGET_NAME = RssReader;
			};
			name = Debug;
		};
		BA8C96C21D51B6E900F34E2C /* Release */ = {
			isa = XCBuildConfiguration;
			buildSettings = {
				INFOPLIST_FILE = RssReaderUITests/Info.plist;
				LD_RUNPATH_SEARCH_PATHS = "$(inherited) @executable_path/Frameworks @loader_path/Frameworks";
				PRODUCT_BUNDLE_IDENTIFIER = abc.RssReaderUITests;
				PRODUCT_NAME = "$(TARGET_NAME)";
				TEST_TARGET_NAME = RssReader;
			};
			name = Release;
		};
/* End XCBuildConfiguration section */

/* Begin XCConfigurationList section */
		BA8C968A1D51B6E900F34E2C /* Build configuration list for PBXProject "RssReader" */ = {
			isa = XCConfigurationList;
			buildConfigurations = (
				BA8C96B81D51B6E900F34E2C /* Debug */,
				BA8C96B91D51B6E900F34E2C /* Release */,
			);
			defaultConfigurationIsVisible = 0;
			defaultConfigurationName = Release;
		};
		BA8C96BA1D51B6E900F34E2C /* Build configuration list for PBXNativeTarget "RssReader" */ = {
			isa = XCConfigurationList;
			buildConfigurations = (
				BA8C96BB1D51B6E900F34E2C /* Debug */,
				BA8C96BC1D51B6E900F34E2C /* Release */,
			);
			defaultConfigurationIsVisible = 0;
		};
		BA8C96BD1D51B6E900F34E2C /* Build configuration list for PBXNativeTarget "RssReaderTests" */ = {
			isa = XCConfigurationList;
			buildConfigurations = (
				BA8C96BE1D51B6E900F34E2C /* Debug */,
				BA8C96BF1D51B6E900F34E2C /* Release */,
			);
			defaultConfigurationIsVisible = 0;
		};
		BA8C96C01D51B6E900F34E2C /* Build configuration list for PBXNativeTarget "RssReaderUITests" */ = {
			isa = XCConfigurationList;
			buildConfigurations = (
				BA8C96C11D51B6E900F34E2C /* Debug */,
				BA8C96C21D51B6E900F34E2C /* Release */,
			);
			defaultConfigurationIsVisible = 0;
		};
/* End XCConfigurationList section */

/* Begin XCVersionGroup section */
		BA8C96991D51B6E900F34E2C /* RssReader.xcdatamodeld */ = {
			isa = XCVersionGroup;
			children = (
				BA8C969A1D51B6E900F34E2C /* RssReader.xcdatamodel */,
			);
			currentVersion = BA8C969A1D51B6E900F34E2C /* RssReader.xcdatamodel */;
			path = RssReader.xcdatamodeld;
			sourceTree = "<group>";
			versionGroupType = wrapper.xcdatamodel;
		};
/* End XCVersionGroup section */
	};
	rootObject = BA8C96871D51B6E900F34E2C /* Project object */;
}
